
Microsoft Visual Studio Solution File, Format Version 12.00
# Visual Studio Version 17
Project("{8BC9CEB8-8B4A-11D0-8D11-00A0C91BC942}") = "ChattingDemo-Client", "ChattingDemo-Client\ChattingDemo-Client.vcxproj", "{681849B3-D479-26C1-5DE7-6C73C9475D80}"
EndProject
Project("{8BC9CEB8-8B4A-11D0-8D11-00A0C91BC942}") = "ChattingDemo-Core", "ChattingDemo-Core\ChattingDemo-Core.vcxproj", "{32EECF7F-9E04-CE15-E77B-593753D19E9D}"
EndProject
Project("{8BC9CEB8-8B4A-11D0-8D11-00A0C91BC942}") = "ChattingDemo-Server", "ChattingDemo-Server\ChattingDemo-Server.vcxproj", "{802D22D8-EC8E-FFE5-75FC-4598E15C36A5}"
EndProject
Global
	GlobalSection(SolutionConfigurationPlatforms) = preSolution
		Debug|x64 = Debug|x64
		Release|x64 = Release|x64
	EndGlobalSection
	GlobalSection(ProjectConfigurationPlatforms) = postSolution
		{681849B3-D479-26C1-5DE7-6C73C9475D80}.Debug|x64.ActiveCfg = Debug|x64
		{681849B3-D479-26C1-5DE7-6C73C9475D80}.Debug|x64.Build.0 = Debug|x64
		{681849B3-D479-26C1-5DE7-6C73C9475D80}.Release|x64.ActiveCfg = Release|x64
		{681849B3-D479-26C1-5DE7-6C73C9475D80}.Release|x64.Build.0 = Release|x64
		{32EECF7F-9E04-CE15-E77B-593753D19E9D}.Debug|x64.ActiveCfg = Debug|x64
		{32EECF7F-9E04-CE15-E77B-593753D19E9D}.Debug|x64.Build.0 = Debug|x64
		{32EECF7F-9E04-CE15-E77B-593753D19E9D}.Release|x64.ActiveCfg = Release|x64
		{32EECF7F-9E04-CE15-E77B-593753D19E9D}.Release|x64.Build.0 = Release|x64
		{802D22D8-EC8E-FFE5-75FC-4598E15C36A5}.Debug|x64.ActiveCfg = Debug|x64
		{802D22D8-EC8E-FFE5-75FC-4598E15C36A5}.Debug|x64.Build.0 = Debug|x64
		{802D22D8-EC8E-FFE5-75FC-4598E15C36A5}.Release|x64.ActiveCfg = Release|x64
		{802D22D8-EC8E-FFE5-75FC-4598E15C36A5}.Release|x64.Build.0 = Release|x64
	EndGlobalSection
	GlobalSection(SolutionProperties) = preSolution
		HideSolutionNode = FALSE
	EndGlobalSection
EndGlobal
